# THIS IS AN AUTOGENERATED FILE. DO NOT EDIT THIS FILE DIRECTLY.
# yarn lockfile v1


slack@^11.0.2:
  version "11.0.2"
  resolved "https://registry.yarnpkg.com/slack/-/slack-11.0.2.tgz#30f68527c5d1712b7faa3141db7716f89ac6e911"
  integrity sha512-rv842+S+AGyZCmMMd8xPtW5DvJ9LzWTAKfxi8Gw57oYlXgcKtFuHd4nqk6lTPpRKdUGn3tx/Drd0rjQR3dQPqw==
  dependencies:
    tiny-json-http "^7.0.2"

tiny-json-http@^7.0.2:
  version "7.3.0"
  resolved "https://registry.yarnpkg.com/tiny-json-http/-/tiny-json-http-7.3.0.tgz#26094cba45141b9e06c7cb0d850f5b0779062459"
  integrity sha512-dZrf9ZGZQhe8QhhPN3o4uDCQuBc3Gaq4CtbU/67hQDWXuvjLI1mayr8AOFSiUGa3F818SpIgUnC3mM673VRHGQ==
